
Microsoft Visual Studio Solution File, Format Version 12.00
# Visual Studio 2012
Project("{FAE04EC0-301F-11D3-BF4B-00C04F79EFBC}") = "Sales", "Sales\Sales.csproj", "{36866CA2-B204-45B1-A5F2-1E8DAF95E56C}"
EndProject
Project("{FAE04EC0-301F-11D3-BF4B-00C04F79EFBC}") = "SalesTests", "SalesTests\SalesTests.csproj", "{D56756D8-47C4-43F9-9ABA-E1EC04661612}"
EndProject
Global
	GlobalSection(SolutionConfigurationPlatforms) = preSolution
		Debug|Any CPU = Debug|Any CPU
		Release|Any CPU = Release|Any CPU
	EndGlobalSection
	GlobalSection(ProjectConfigurationPlatforms) = postSolution
		{36866CA2-B204-45B1-A5F2-1E8DAF95E56C}.Debug|Any CPU.ActiveCfg = Debug|Any CPU
		{36866CA2-B204-45B1-A5F2-1E8DAF95E56C}.Debug|Any CPU.Build.0 = Debug|Any CPU
		{36866CA2-B204-45B1-A5F2-1E8DAF95E56C}.Release|Any CPU.ActiveCfg = Release|Any CPU
		{36866CA2-B204-45B1-A5F2-1E8DAF95E56C}.Release|Any CPU.Build.0 = Release|Any CPU
		{D56756D8-47C4-43F9-9ABA-E1EC04661612}.Debug|Any CPU.ActiveCfg = Debug|Any CPU
		{D56756D8-47C4-43F9-9ABA-E1EC04661612}.Debug|Any CPU.Build.0 = Debug|Any CPU
		{D56756D8-47C4-43F9-9ABA-E1EC04661612}.Release|Any CPU.ActiveCfg = Release|Any CPU
		{D56756D8-47C4-43F9-9ABA-E1EC04661612}.Release|Any CPU.Build.0 = Release|Any CPU
	EndGlobalSection
	GlobalSection(SolutionProperties) = preSolution
		HideSolutionNode = FALSE
	EndGlobalSection
EndGlobal
